
Microsoft Visual Studio Solution File, Format Version 12.00
# Visual Studio Version 17
VisualStudioVersion = 17.7.34031.279
MinimumVisualStudioVersion = 10.0.40219.1
Project("{9A19103F-16F7-4668-BE54-9A1E7A4F7556}") = "Smartfy.Core", "Smartfy.Core\Smartfy.Core.csproj", "{DB9BF420-1CD1-402F-AD43-D54AF1A9E170}"
EndProject
Project("{9A19103F-16F7-4668-BE54-9A1E7A4F7556}") = "Smartfy.Core.Tests", "Smartfy.Core.Tests\Smartfy.Core.Tests.csproj", "{A79D47CD-7F7F-4FC5-920E-EF5625A95BBC}"
EndProject
Project("{9A19103F-16F7-4668-BE54-9A1E7A4F7556}") = "Smartfy.Runner", "Smartfy.Runner\Smartfy.Runner.csproj", "{D6556D70-54D1-4245-AFFD-C7B4839D100B}"
EndProject
Project("{9A19103F-16F7-4668-BE54-9A1E7A4F7556}") = "Smartfy.TelegramBot", "Smartfy.TelegramBot\Smartfy.TelegramBot.csproj", "{DE9B06E6-6DE8-4A97-A815-A75D109C16A5}"
EndProject
Project("{9A19103F-16F7-4668-BE54-9A1E7A4F7556}") = "Smartfy.Mqtt", "Smartfy.Mqtt\Smartfy.Mqtt.csproj", "{FA6EC107-3E4C-45E8-8730-095B48B88C61}"
EndProject
Project("{9A19103F-16F7-4668-BE54-9A1E7A4F7556}") = "Smartfy.Weather", "Smartfy.Weather\Smartfy.Weather.csproj", "{90E0376D-C258-4315-8026-BB35DF607CCD}"
EndProject
Project("{9A19103F-16F7-4668-BE54-9A1E7A4F7556}") = "EduRk", "EduRk\EduRk.csproj", "{46A90C7A-95BD-4B11-B95E-1D22890EB47D}"
EndProject
Project("{9A19103F-16F7-4668-BE54-9A1E7A4F7556}") = "Smartfy.Education", "Smartfy.Education\Smartfy.Education.csproj", "{81A41D55-4539-44DB-BD0E-3FF1D7155A21}"
EndProject
Project("{FAE04EC0-301F-11D3-BF4B-00C04F79EFBC}") = "Smartfy.Devices", "Smartfy.Devices\Smartfy.Devices.csproj", "{C410272E-6105-45B6-A574-6A77F5D3DAC8}"
EndProject
Global
	GlobalSection(SolutionConfigurationPlatforms) = preSolution
		Debug|Any CPU = Debug|Any CPU
		Release|Any CPU = Release|Any CPU
	EndGlobalSection
	GlobalSection(ProjectConfigurationPlatforms) = postSolution
		{DB9BF420-1CD1-402F-AD43-D54AF1A9E170}.Debug|Any CPU.ActiveCfg = Debug|Any CPU
		{DB9BF420-1CD1-402F-AD43-D54AF1A9E170}.Debug|Any CPU.Build.0 = Debug|Any CPU
		{DB9BF420-1CD1-402F-AD43-D54AF1A9E170}.Release|Any CPU.ActiveCfg = Release|Any CPU
		{DB9BF420-1CD1-402F-AD43-D54AF1A9E170}.Release|Any CPU.Build.0 = Release|Any CPU
		{A79D47CD-7F7F-4FC5-920E-EF5625A95BBC}.Debug|Any CPU.ActiveCfg = Debug|Any CPU
		{A79D47CD-7F7F-4FC5-920E-EF5625A95BBC}.Debug|Any CPU.Build.0 = Debug|Any CPU
		{A79D47CD-7F7F-4FC5-920E-EF5625A95BBC}.Release|Any CPU.ActiveCfg = Release|Any CPU
		{A79D47CD-7F7F-4FC5-920E-EF5625A95BBC}.Release|Any CPU.Build.0 = Release|Any CPU
		{D6556D70-54D1-4245-AFFD-C7B4839D100B}.Debug|Any CPU.ActiveCfg = Debug|Any CPU
		{D6556D70-54D1-4245-AFFD-C7B4839D100B}.Debug|Any CPU.Build.0 = Debug|Any CPU
		{D6556D70-54D1-4245-AFFD-C7B4839D100B}.Release|Any CPU.ActiveCfg = Release|Any CPU
		{D6556D70-54D1-4245-AFFD-C7B4839D100B}.Release|Any CPU.Build.0 = Release|Any CPU
		{DE9B06E6-6DE8-4A97-A815-A75D109C16A5}.Debug|Any CPU.ActiveCfg = Debug|Any CPU
		{DE9B06E6-6DE8-4A97-A815-A75D109C16A5}.Debug|Any CPU.Build.0 = Debug|Any CPU
		{DE9B06E6-6DE8-4A97-A815-A75D109C16A5}.Release|Any CPU.ActiveCfg = Release|Any CPU
		{DE9B06E6-6DE8-4A97-A815-A75D109C16A5}.Release|Any CPU.Build.0 = Release|Any CPU
		{FA6EC107-3E4C-45E8-8730-095B48B88C61}.Debug|Any CPU.ActiveCfg = Debug|Any CPU
		{FA6EC107-3E4C-45E8-8730-095B48B88C61}.Debug|Any CPU.Build.0 = Debug|Any CPU
		{FA6EC107-3E4C-45E8-8730-095B48B88C61}.Release|Any CPU.ActiveCfg = Release|Any CPU
		{FA6EC107-3E4C-45E8-8730-095B48B88C61}.Release|Any CPU.Build.0 = Release|Any CPU
		{90E0376D-C258-4315-8026-BB35DF607CCD}.Debug|Any CPU.ActiveCfg = Debug|Any CPU
		{90E0376D-C258-4315-8026-BB35DF607CCD}.Debug|Any CPU.Build.0 = Debug|Any CPU
		{90E0376D-C258-4315-8026-BB35DF607CCD}.Release|Any CPU.ActiveCfg = Release|Any CPU
		{90E0376D-C258-4315-8026-BB35DF607CCD}.Release|Any CPU.Build.0 = Release|Any CPU
		{46A90C7A-95BD-4B11-B95E-1D22890EB47D}.Debug|Any CPU.ActiveCfg = Debug|Any CPU
		{46A90C7A-95BD-4B11-B95E-1D22890EB47D}.Debug|Any CPU.Build.0 = Debug|Any CPU
		{46A90C7A-95BD-4B11-B95E-1D22890EB47D}.Release|Any CPU.ActiveCfg = Release|Any CPU
		{46A90C7A-95BD-4B11-B95E-1D22890EB47D}.Release|Any CPU.Build.0 = Release|Any CPU
		{81A41D55-4539-44DB-BD0E-3FF1D7155A21}.Debug|Any CPU.ActiveCfg = Debug|Any CPU
		{81A41D55-4539-44DB-BD0E-3FF1D7155A21}.Debug|Any CPU.Build.0 = Debug|Any CPU
		{81A41D55-4539-44DB-BD0E-3FF1D7155A21}.Release|Any CPU.ActiveCfg = Release|Any CPU
		{81A41D55-4539-44DB-BD0E-3FF1D7155A21}.Release|Any CPU.Build.0 = Release|Any CPU
		{C410272E-6105-45B6-A574-6A77F5D3DAC8}.Debug|Any CPU.ActiveCfg = Debug|Any CPU
		{C410272E-6105-45B6-A574-6A77F5D3DAC8}.Debug|Any CPU.Build.0 = Debug|Any CPU
		{C410272E-6105-45B6-A574-6A77F5D3DAC8}.Release|Any CPU.ActiveCfg = Release|Any CPU
		{C410272E-6105-45B6-A574-6A77F5D3DAC8}.Release|Any CPU.Build.0 = Release|Any CPU
	EndGlobalSection
	GlobalSection(SolutionProperties) = preSolution
		HideSolutionNode = FALSE
	EndGlobalSection
	GlobalSection(ExtensibilityGlobals) = postSolution
		SolutionGuid = {7F25CA91-331B-4520-B126-933DCAD9518E}
	EndGlobalSection
EndGlobal
